
Microsoft Visual Studio Solution File, Format Version 12.00
# Visual Studio Version 17
VisualStudioVersion = 17.5.33424.131
MinimumVisualStudioVersion = 10.0.40219.1
Project("{2150E333-8FDC-42A3-9474-1A3956D46DE8}") = "FrontEnd", "FrontEnd", "{221720C1-EA97-4BB8-96D6-3DE60A2AF89A}"
EndProject
Project("{FAE04EC0-301F-11D3-BF4B-00C04F79EFBC}") = "Mango.web", "Mango.web\Mango.web.csproj", "{7251A9CD-0A78-4F0C-A238-ADABCB5644FC}"
EndProject
Global
	GlobalSection(SolutionConfigurationPlatforms) = preSolution
		Debug|Any CPU = Debug|Any CPU
		Release|Any CPU = Release|Any CPU
	EndGlobalSection
	GlobalSection(ProjectConfigurationPlatforms) = postSolution
		{7251A9CD-0A78-4F0C-A238-ADABCB5644FC}.Debug|Any CPU.ActiveCfg = Debug|Any CPU
		{7251A9CD-0A78-4F0C-A238-ADABCB5644FC}.Debug|Any CPU.Build.0 = Debug|Any CPU
		{7251A9CD-0A78-4F0C-A238-ADABCB5644FC}.Release|Any CPU.ActiveCfg = Release|Any CPU
		{7251A9CD-0A78-4F0C-A238-ADABCB5644FC}.Release|Any CPU.Build.0 = Release|Any CPU
	EndGlobalSection
	GlobalSection(SolutionProperties) = preSolution
		HideSolutionNode = FALSE
	EndGlobalSection
	GlobalSection(NestedProjects) = preSolution
		{7251A9CD-0A78-4F0C-A238-ADABCB5644FC} = {221720C1-EA97-4BB8-96D6-3DE60A2AF89A}
	EndGlobalSection
	GlobalSection(ExtensibilityGlobals) = postSolution
		SolutionGuid = {46D207C0-977B-4B27-926D-EB7755E68A5C}
	EndGlobalSection
EndGlobal
